PODS:
  - Alamofire (4.4.0)
  - IQKeyboardManagerSwift (4.0.9)

DEPENDENCIES:
  - Alamofire (~> 4.4)
  - IQKeyboardManagerSwift

SPEC CHECKSUMS:
  Alamofire: dc44b1600b800eb63da6a19039a0083d62a6a62d
  IQKeyboardManagerSwift: 2eefe6c429b86aa08bfbc1b5c891164d754adf91

PODFILE CHECKSUM: 9d9d9a7bcc47fb7df018f19314b587c4508a4197

COCOAPODS: 1.2.1
