// !$*UTF8*$!
{
	archiveVersion = 1;
	classes = {
	};
	objectVersion = 46;
	objects = {

/* Begin PBXBuildFile section */
		B9B714F4970C6D17EE672DCD /* Pods_Stopwatch.framework in Frameworks */ = {isa = PBXBuildFile; fileRef = 839180F70202C2D5842D149A /* Pods_Stopwatch.framework */; };
		D708BF441E5EA6CA00F5B3E8 /* AppDelegate.swift in Sources */ = {isa = PBXBuildFile; fileRef = D708BF431E5EA6CA00F5B3E8 /* AppDelegate.swift */; };
		D708BF461E5EA6CA00F5B3E8 /* StopwatchVC.swift in Sources */ = {isa = PBXBuildFile; fileRef = D708BF451E5EA6CA00F5B3E8 /* StopwatchVC.swift */; };
		D708BF491E5EA6CA00F5B3E8 /* Main.storyboard in Resources */ = {isa = PBXBuildFile; fileRef = D708BF471E5EA6CA00F5B3E8 /* Main.storyboard */; };
		D708BF4C1E5EA6CA00F5B3E8 /* Stopwatch.xcdatamodeld in Sources */ = {isa = PBXBuildFile; fileRef = D708BF4A1E5EA6CA00F5B3E8 /* Stopwatch.xcdatamodeld */; };
		D708BF4E1E5EA6CA00F5B3E8 /* Assets.xcassets in Resources */ = {isa = PBXBuildFile; fileRef = D708BF4D1E5EA6CA00F5B3E8 /* Assets.xcassets */; };
		D708BF511E5EA6CA00F5B3E8 /* LaunchScreen.storyboard in Resources */ = {isa = PBXBuildFile; fileRef = D708BF4F1E5EA6CA00F5B3E8 /* LaunchScreen.storyboard */; };
		D708BF5D1E5EE02000F5B3E8 /* EntryScreenVC.swift in Sources */ = {isa = PBXBuildFile; fileRef = D708BF5C1E5EE02000F5B3E8 /* EntryScreenVC.swift */; };
		D708BF5F1E600C2200F5B3E8 /* LapTimerVC.swift in Sources */ = {isa = PBXBuildFile; fileRef = D708BF5E1E600C2200F5B3E8 /* LapTimerVC.swift */; };
		D708BF641E6011C000F5B3E8 /* StopwatchCell.swift in Sources */ = {isa = PBXBuildFile; fileRef = D708BF631E6011C000F5B3E8 /* StopwatchCell.swift */; };
		D708BF661E6014E600F5B3E8 /* Stopwatch.swift in Sources */ = {isa = PBXBuildFile; fileRef = D708BF651E6014E600F5B3E8 /* Stopwatch.swift */; };
		D708BF681E65CA5800F5B3E8 /* CarsVC.swift in Sources */ = {isa = PBXBuildFile; fileRef = D708BF671E65CA5800F5B3E8 /* CarsVC.swift */; };
		D708BF6A1E65CCF600F5B3E8 /* CarsCell.swift in Sources */ = {isa = PBXBuildFile; fileRef = D708BF691E65CCF600F5B3E8 /* CarsCell.swift */; };
		D708BF6C1E65D2DD00F5B3E8 /* Cars.swift in Sources */ = {isa = PBXBuildFile; fileRef = D708BF6B1E65D2DD00F5B3E8 /* Cars.swift */; };
		D708BF6E1E6651C400F5B3E8 /* CarDetailsVC.swift in Sources */ = {isa = PBXBuildFile; fileRef = D708BF6D1E6651C400F5B3E8 /* CarDetailsVC.swift */; };
		D768267C1E6C4C1D00C520BF /* PitLaneTime+CoreDataClass.swift in Sources */ = {isa = PBXBuildFile; fileRef = D76826761E6C4C1D00C520BF /* PitLaneTime+CoreDataClass.swift */; };
		D768267D1E6C4C1D00C520BF /* PitLaneTime+CoreDataProperties.swift in Sources */ = {isa = PBXBuildFile; fileRef = D76826771E6C4C1D00C520BF /* PitLaneTime+CoreDataProperties.swift */; };
		D768267E1E6C4C1D00C520BF /* LapTime+CoreDataClass.swift in Sources */ = {isa = PBXBuildFile; fileRef = D76826781E6C4C1D00C520BF /* LapTime+CoreDataClass.swift */; };
		D768267F1E6C4C1D00C520BF /* LapTime+CoreDataProperties.swift in Sources */ = {isa = PBXBuildFile; fileRef = D76826791E6C4C1D00C520BF /* LapTime+CoreDataProperties.swift */; };
		D77595061E743D2B0068C42C /* LapTimeCell.swift in Sources */ = {isa = PBXBuildFile; fileRef = D77595051E743D2B0068C42C /* LapTimeCell.swift */; };
		D77AF5381E78516E00741A04 /* LapTimesTableVC.swift in Sources */ = {isa = PBXBuildFile; fileRef = D77AF5371E78516D00741A04 /* LapTimesTableVC.swift */; };
		D77AF53B1E84091200741A04 /* Setup+CoreDataClass.swift in Sources */ = {isa = PBXBuildFile; fileRef = D77AF5391E84091200741A04 /* Setup+CoreDataClass.swift */; };
		D77AF53C1E84091200741A04 /* Setup+CoreDataProperties.swift in Sources */ = {isa = PBXBuildFile; fileRef = D77AF53A1E84091200741A04 /* Setup+CoreDataProperties.swift */; };
		D77AF53F1E8409DE00741A04 /* Car+CoreDataClass.swift in Sources */ = {isa = PBXBuildFile; fileRef = D77AF53D1E8409DE00741A04 /* Car+CoreDataClass.swift */; };
		D77AF5421E840C7000741A04 /* SetupVC.swift in Sources */ = {isa = PBXBuildFile; fileRef = D77AF5411E840C7000741A04 /* SetupVC.swift */; };
		D77AF5441E8CF21F00741A04 /* VoiceNoteVC.swift in Sources */ = {isa = PBXBuildFile; fileRef = D77AF5431E8CF21F00741A04 /* VoiceNoteVC.swift */; };
		D77AF5461E8E21D500741A04 /* WrittenNoteVC.swift in Sources */ = {isa = PBXBuildFile; fileRef = D77AF5451E8E21D500741A04 /* WrittenNoteVC.swift */; };
		D77AF54E1E8E390500741A04 /* Car+CoreDataProperties.swift in Sources */ = {isa = PBXBuildFile; fileRef = D77AF54D1E8E390500741A04 /* Car+CoreDataProperties.swift */; };
		D77AF55C1E94F08200741A04 /* Page1VC.swift in Sources */ = {isa = PBXBuildFile; fileRef = D77AF55B1E94F08200741A04 /* Page1VC.swift */; };
		D77AF55E1E94F09200741A04 /* Page2VC.swift in Sources */ = {isa = PBXBuildFile; fileRef = D77AF55D1E94F09200741A04 /* Page2VC.swift */; };
		D77AF5601E94F0A200741A04 /* Page3VC.swift in Sources */ = {isa = PBXBuildFile; fileRef = D77AF55F1E94F0A200741A04 /* Page3VC.swift */; };
		D77AF5621E94F12C00741A04 /* SetupScrollVC.swift in Sources */ = {isa = PBXBuildFile; fileRef = D77AF5611E94F12C00741A04 /* SetupScrollVC.swift */; };
		D77AF5641E9640B700741A04 /* Page4VC.swift in Sources */ = {isa = PBXBuildFile; fileRef = D77AF5631E9640B700741A04 /* Page4VC.swift */; };
		D77AF5661E9640C700741A04 /* Page5VC.swift in Sources */ = {isa = PBXBuildFile; fileRef = D77AF5651E9640C700741A04 /* Page5VC.swift */; };
		D77AF5681E975E0600741A04 /* SetupNew.swift in Sources */ = {isa = PBXBuildFile; fileRef = D77AF5671E975E0600741A04 /* SetupNew.swift */; };
		D77AF56B1E976E0C00741A04 /* Note+CoreDataClass.swift in Sources */ = {isa = PBXBuildFile; fileRef = D77AF5691E976E0C00741A04 /* Note+CoreDataClass.swift */; };
		D77AF56C1E976E0C00741A04 /* Note+CoreDataProperties.swift in Sources */ = {isa = PBXBuildFile; fileRef = D77AF56A1E976E0C00741A04 /* Note+CoreDataProperties.swift */; };
		D77AF5751EAA018300741A04 /* ChooseSetupVC.swift in Sources */ = {isa = PBXBuildFile; fileRef = D77AF5741EAA018300741A04 /* ChooseSetupVC.swift */; };
		D77AF5771EAA1B2400741A04 /* CustomSegue.swift in Sources */ = {isa = PBXBuildFile; fileRef = D77AF5761EAA1B2400741A04 /* CustomSegue.swift */; };
		D77AF5791EAB1F7500741A04 /* InRaceSetupVC.swift in Sources */ = {isa = PBXBuildFile; fileRef = D77AF5781EAB1F7500741A04 /* InRaceSetupVC.swift */; };
		D77AF57B1EAB1F8F00741A04 /* InRaceSubPagesVC.swift in Sources */ = {isa = PBXBuildFile; fileRef = D77AF57A1EAB1F8F00741A04 /* InRaceSubPagesVC.swift */; };
		D77AF57D1EAF2CA800741A04 /* InRaceSetupDetailsVC.swift in Sources */ = {isa = PBXBuildFile; fileRef = D77AF57C1EAF2CA800741A04 /* InRaceSetupDetailsVC.swift */; };
		D77AF5831EB07F4B00741A04 /* EventsVC.swift in Sources */ = {isa = PBXBuildFile; fileRef = D77AF5821EB07F4B00741A04 /* EventsVC.swift */; };
		D77AF58F1EB088A600741A04 /* RaceEvent+CoreDataClass.swift in Sources */ = {isa = PBXBuildFile; fileRef = D77AF58C1EB088A600741A04 /* RaceEvent+CoreDataClass.swift */; };
		D77AF5901EB088A600741A04 /* RaceEvent+CoreDataProperties.swift in Sources */ = {isa = PBXBuildFile; fileRef = D77AF58D1EB088A600741A04 /* RaceEvent+CoreDataProperties.swift */; };
		D77AF5921EB08A3800741A04 /* EventsCell.swift in Sources */ = {isa = PBXBuildFile; fileRef = D77AF5911EB08A3800741A04 /* EventsCell.swift */; };
		D77AF5941EB094B200741A04 /* EventDetailsVC.swift in Sources */ = {isa = PBXBuildFile; fileRef = D77AF5931EB094B200741A04 /* EventDetailsVC.swift */; };
		D77AF5961EB482DC00741A04 /* Extensions.swift in Sources */ = {isa = PBXBuildFile; fileRef = D77AF5951EB482DC00741A04 /* Extensions.swift */; };
		D77AF5981EB9C3C300741A04 /* DateCollectionCell.swift in Sources */ = {isa = PBXBuildFile; fileRef = D77AF5971EB9C3C300741A04 /* DateCollectionCell.swift */; };
		D77AF59B1EB9C40900741A04 /* SessionPlannerVC.swift in Sources */ = {isa = PBXBuildFile; fileRef = D77AF59A1EB9C40900741A04 /* SessionPlannerVC.swift */; };
		D77AF5A11EB9C77A00741A04 /* Session+CoreDataClass.swift in Sources */ = {isa = PBXBuildFile; fileRef = D77AF59D1EB9C77A00741A04 /* Session+CoreDataClass.swift */; };
		D77AF5A21EB9C77A00741A04 /* Session+CoreDataProperties.swift in Sources */ = {isa = PBXBuildFile; fileRef = D77AF59E1EB9C77A00741A04 /* Session+CoreDataProperties.swift */; };
		D77AF5A71EBD900C00741A04 /* WeatherConstants.swift in Sources */ = {isa = PBXBuildFile; fileRef = D77AF5A61EBD900C00741A04 /* WeatherConstants.swift */; };
		D77AF5A91EBD906B00741A04 /* WeatherLocation.swift in Sources */ = {isa = PBXBuildFile; fileRef = D77AF5A81EBD906B00741A04 /* WeatherLocation.swift */; };
		D77AF5AB1EBD90D100741A04 /* WeatherForecast.swift in Sources */ = {isa = PBXBuildFile; fileRef = D77AF5AA1EBD90D100741A04 /* WeatherForecast.swift */; };
		D77AF5AD1EBD932700741A04 /* WeatherCell.swift in Sources */ = {isa = PBXBuildFile; fileRef = D77AF5AC1EBD932700741A04 /* WeatherCell.swift */; };
		D77AF5B01EBDA3D900741A04 /* WeatherVC.swift in Sources */ = {isa = PBXBuildFile; fileRef = D77AF5AF1EBDA3D900741A04 /* WeatherVC.swift */; };
		D77AF5B21EBDA81100741A04 /* WeatherCurrent.swift in Sources */ = {isa = PBXBuildFile; fileRef = D77AF5B11EBDA81100741A04 /* WeatherCurrent.swift */; };
		D77AF5B91EBDBFBA00741A04 /* VoiceNote+CoreDataClass.swift in Sources */ = {isa = PBXBuildFile; fileRef = D77AF5B31EBDBFBA00741A04 /* VoiceNote+CoreDataClass.swift */; };
		D77AF5BA1EBDBFBA00741A04 /* WeaterMonitor+CoreDataClass.swift in Sources */ = {isa = PBXBuildFile; fileRef = D77AF5B41EBDBFBA00741A04 /* WeaterMonitor+CoreDataClass.swift */; };
		D77AF5BB1EBDBFBA00741A04 /* Runs+CoreDataClass.swift in Sources */ = {isa = PBXBuildFile; fileRef = D77AF5B51EBDBFBA00741A04 /* Runs+CoreDataClass.swift */; };
		D77AF5BC1EBDBFBA00741A04 /* WrittenNote+CoreDataClass.swift in Sources */ = {isa = PBXBuildFile; fileRef = D77AF5B61EBDBFBA00741A04 /* WrittenNote+CoreDataClass.swift */; };
		D77AF5BD1EBDBFBA00741A04 /* PictureNote+CoreDataClass.swift in Sources */ = {isa = PBXBuildFile; fileRef = D77AF5B71EBDBFBA00741A04 /* PictureNote+CoreDataClass.swift */; };
		D77AF5BE1EBDBFBA00741A04 /* Championship+CoreDataClass.swift in Sources */ = {isa = PBXBuildFile; fileRef = D77AF5B81EBDBFBA00741A04 /* Championship+CoreDataClass.swift */; };
		D77AF5C51EBDBFCA00741A04 /* VoiceNote+CoreDataProperties.swift in Sources */ = {isa = PBXBuildFile; fileRef = D77AF5BF1EBDBFCA00741A04 /* VoiceNote+CoreDataProperties.swift */; };
		D77AF5C61EBDBFCA00741A04 /* WeaterMonitor+CoreDataProperties.swift in Sources */ = {isa = PBXBuildFile; fileRef = D77AF5C01EBDBFCA00741A04 /* WeaterMonitor+CoreDataProperties.swift */; };
		D77AF5C71EBDBFCA00741A04 /* Runs+CoreDataProperties.swift in Sources */ = {isa = PBXBuildFile; fileRef = D77AF5C11EBDBFCA00741A04 /* Runs+CoreDataProperties.swift */; };
		D77AF5C81EBDBFCA00741A04 /* WrittenNote+CoreDataProperties.swift in Sources */ = {isa = PBXBuildFile; fileRef = D77AF5C21EBDBFCA00741A04 /* WrittenNote+CoreDataProperties.swift */; };
		D77AF5C91EBDBFCA00741A04 /* PictureNote+CoreDataProperties.swift in Sources */ = {isa = PBXBuildFile; fileRef = D77AF5C31EBDBFCA00741A04 /* PictureNote+CoreDataProperties.swift */; };
		D77AF5CA1EBDBFCA00741A04 /* Championship+CoreDataProperties.swift in Sources */ = {isa = PBXBuildFile; fileRef = D77AF5C41EBDBFCA00741A04 /* Championship+CoreDataProperties.swift */; };
/* End PBXBuildFile section */

/* Begin PBXFileReference section */
		034B2561919300B7127690D0 /* Pods-Stopwatch.release.xcconfig */ = {isa = PBXFileReference; includeInIndex = 1; lastKnownFileType = text.xcconfig; name = "Pods-Stopwatch.release.xcconfig"; path = "Pods/Target Support Files/Pods-Stopwatch/Pods-Stopwatch.release.xcconfig"; sourceTree = "<group>"; };
		255D412D5A7922D976EAAAF6 /* Pods-Stopwatch.debug.xcconfig */ = {isa = PBXFileReference; includeInIndex = 1; lastKnownFileType = text.xcconfig; name = "Pods-Stopwatch.debug.xcconfig"; path = "Pods/Target Support Files/Pods-Stopwatch/Pods-Stopwatch.debug.xcconfig"; sourceTree = "<group>"; };
		839180F70202C2D5842D149A /* Pods_Stopwatch.framework */ = {isa = PBXFileReference; explicitFileType = wrapper.framework; includeInIndex = 0; path = Pods_Stopwatch.framework; sourceTree = BUILT_PRODUCTS_DIR; };
		D708BF401E5EA6CA00F5B3E8 /* Stopwatch.app */ = {isa = PBXFileReference; explicitFileType = wrapper.application; includeInIndex = 0; path = Stopwatch.app; sourceTree = BUILT_PRODUCTS_DIR; };
		D708BF431E5EA6CA00F5B3E8 /* AppDelegate.swift */ = {isa = PBXFileReference; lastKnownFileType = sourcecode.swift; path = AppDelegate.swift; sourceTree = "<group>"; };
		D708BF451E5EA6CA00F5B3E8 /* StopwatchVC.swift */ = {isa = PBXFileReference; lastKnownFileType = sourcecode.swift; path = StopwatchVC.swift; sourceTree = "<group>"; };
		D708BF481E5EA6CA00F5B3E8 /* Base */ = {isa = PBXFileReference; lastKnownFileType = file.storyboard; name = Base; path = Base.lproj/Main.storyboard; sourceTree = "<group>"; };
		D708BF4B1E5EA6CA00F5B3E8 /* Stopwatch.xcdatamodel */ = {isa = PBXFileReference; lastKnownFileType = wrapper.xcdatamodel; path = Stopwatch.xcdatamodel; sourceTree = "<group>"; };
		D708BF4D1E5EA6CA00F5B3E8 /* Assets.xcassets */ = {isa = PBXFileReference; lastKnownFileType = folder.assetcatalog; path = Assets.xcassets; sourceTree = "<group>"; };
		D708BF501E5EA6CA00F5B3E8 /* Base */ = {isa = PBXFileReference; lastKnownFileType = file.storyboard; name = Base; path = Base.lproj/LaunchScreen.storyboard; sourceTree = "<group>"; };
		D708BF521E5EA6CA00F5B3E8 /* Info.plist */ = {isa = PBXFileReference; lastKnownFileType = text.plist.xml; path = Info.plist; sourceTree = "<group>"; };
		D708BF5C1E5EE02000F5B3E8 /* EntryScreenVC.swift */ = {isa = PBXFileReference; fileEncoding = 4; lastKnownFileType = sourcecode.swift; path = EntryScreenVC.swift; sourceTree = "<group>"; };
		D708BF5E1E600C2200F5B3E8 /* LapTimerVC.swift */ = {isa = PBXFileReference; fileEncoding = 4; lastKnownFileType = sourcecode.swift; path = LapTimerVC.swift; sourceTree = "<group>"; };
		D708BF631E6011C000F5B3E8 /* StopwatchCell.swift */ = {isa = PBXFileReference; fileEncoding = 4; lastKnownFileType = sourcecode.swift; path = StopwatchCell.swift; sourceTree = "<group>"; };
		D708BF651E6014E600F5B3E8 /* Stopwatch.swift */ = {isa = PBXFileReference; fileEncoding = 4; lastKnownFileType = sourcecode.swift; path = Stopwatch.swift; sourceTree = "<group>"; };
		D708BF671E65CA5800F5B3E8 /* CarsVC.swift */ = {isa = PBXFileReference; fileEncoding = 4; lastKnownFileType = sourcecode.swift; path = CarsVC.swift; sourceTree = "<group>"; };
		D708BF691E65CCF600F5B3E8 /* CarsCell.swift */ = {isa = PBXFileReference; fileEncoding = 4; lastKnownFileType = sourcecode.swift; path = CarsCell.swift; sourceTree = "<group>"; };
		D708BF6B1E65D2DD00F5B3E8 /* Cars.swift */ = {isa = PBXFileReference; fileEncoding = 4; lastKnownFileType = sourcecode.swift; path = Cars.swift; sourceTree = "<group>"; };
		D708BF6D1E6651C400F5B3E8 /* CarDetailsVC.swift */ = {isa = PBXFileReference; fileEncoding = 4; lastKnownFileType = sourcecode.swift; path = CarDetailsVC.swift; sourceTree = "<group>"; };
		D76826761E6C4C1D00C520BF /* PitLaneTime+CoreDataClass.swift */ = {isa = PBXFileReference; fileEncoding = 4; lastKnownFileType = sourcecode.swift; name = "PitLaneTime+CoreDataClass.swift"; path = "../PitLaneTime+CoreDataClass.swift"; sourceTree = "<group>"; };
		D76826771E6C4C1D00C520BF /* PitLaneTime+CoreDataProperties.swift */ = {isa = PBXFileReference; fileEncoding = 4; lastKnownFileType = sourcecode.swift; name = "PitLaneTime+CoreDataProperties.swift"; path = "../PitLaneTime+CoreDataProperties.swift"; sourceTree = "<group>"; };
		D76826781E6C4C1D00C520BF /* LapTime+CoreDataClass.swift */ = {isa = PBXFileReference; fileEncoding = 4; lastKnownFileType = sourcecode.swift; name = "LapTime+CoreDataClass.swift"; path = "../LapTime+CoreDataClass.swift"; sourceTree = "<group>"; };
		D76826791E6C4C1D00C520BF /* LapTime+CoreDataProperties.swift */ = {isa = PBXFileReference; fileEncoding = 4; lastKnownFileType = sourcecode.swift; name = "LapTime+CoreDataProperties.swift"; path = "../LapTime+CoreDataProperties.swift"; sourceTree = "<group>"; };
		D77595051E743D2B0068C42C /* LapTimeCell.swift */ = {isa = PBXFileReference; fileEncoding = 4; lastKnownFileType = sourcecode.swift; path = LapTimeCell.swift; sourceTree = "<group>"; };
		D77AF5371E78516D00741A04 /* LapTimesTableVC.swift */ = {isa = PBXFileReference; fileEncoding = 4; lastKnownFileType = sourcecode.swift; path = LapTimesTableVC.swift; sourceTree = "<group>"; };
		D77AF5391E84091200741A04 /* Setup+CoreDataClass.swift */ = {isa = PBXFileReference; fileEncoding = 4; lastKnownFileType = sourcecode.swift; name = "Setup+CoreDataClass.swift"; path = "../Setup+CoreDataClass.swift"; sourceTree = "<group>"; };
		D77AF53A1E84091200741A04 /* Setup+CoreDataProperties.swift */ = {isa = PBXFileReference; fileEncoding = 4; lastKnownFileType = sourcecode.swift; name = "Setup+CoreDataProperties.swift"; path = "../Setup+CoreDataProperties.swift"; sourceTree = "<group>"; };
		D77AF53D1E8409DE00741A04 /* Car+CoreDataClass.swift */ = {isa = PBXFileReference; fileEncoding = 4; lastKnownFileType = sourcecode.swift; name = "Car+CoreDataClass.swift"; path = "../Car+CoreDataClass.swift"; sourceTree = "<group>"; };
		D77AF5411E840C7000741A04 /* SetupVC.swift */ = {isa = PBXFileReference; fileEncoding = 4; lastKnownFileType = sourcecode.swift; path = SetupVC.swift; sourceTree = "<group>"; };
		D77AF5431E8CF21F00741A04 /* VoiceNoteVC.swift */ = {isa = PBXFileReference; fileEncoding = 4; lastKnownFileType = sourcecode.swift; path = VoiceNoteVC.swift; sourceTree = "<group>"; };
		D77AF5451E8E21D500741A04 /* WrittenNoteVC.swift */ = {isa = PBXFileReference; fileEncoding = 4; lastKnownFileType = sourcecode.swift; path = WrittenNoteVC.swift; sourceTree = "<group>"; };
		D77AF54D1E8E390500741A04 /* Car+CoreDataProperties.swift */ = {isa = PBXFileReference; fileEncoding = 4; lastKnownFileType = sourcecode.swift; name = "Car+CoreDataProperties.swift"; path = "../Car+CoreDataProperties.swift"; sourceTree = "<group>"; };
		D77AF55B1E94F08200741A04 /* Page1VC.swift */ = {isa = PBXFileReference; fileEncoding = 4; lastKnownFileType = sourcecode.swift; path = Page1VC.swift; sourceTree = "<group>"; };
		D77AF55D1E94F09200741A04 /* Page2VC.swift */ = {isa = PBXFileReference; fileEncoding = 4; lastKnownFileType = sourcecode.swift; path = Page2VC.swift; sourceTree = "<group>"; };
		D77AF55F1E94F0A200741A04 /* Page3VC.swift */ = {isa = PBXFileReference; fileEncoding = 4; lastKnownFileType = sourcecode.swift; path = Page3VC.swift; sourceTree = "<group>"; };
		D77AF5611E94F12C00741A04 /* SetupScrollVC.swift */ = {isa = PBXFileReference; fileEncoding = 4; lastKnownFileType = sourcecode.swift; path = SetupScrollVC.swift; sourceTree = "<group>"; };
		D77AF5631E9640B700741A04 /* Page4VC.swift */ = {isa = PBXFileReference; fileEncoding = 4; lastKnownFileType = sourcecode.swift; path = Page4VC.swift; sourceTree = "<group>"; };
		D77AF5651E9640C700741A04 /* Page5VC.swift */ = {isa = PBXFileReference; fileEncoding = 4; lastKnownFileType = sourcecode.swift; path = Page5VC.swift; sourceTree = "<group>"; };
		D77AF5671E975E0600741A04 /* SetupNew.swift */ = {isa = PBXFileReference; fileEncoding = 4; lastKnownFileType = sourcecode.swift; path = SetupNew.swift; sourceTree = "<group>"; };
		D77AF5691E976E0C00741A04 /* Note+CoreDataClass.swift */ = {isa = PBXFileReference; fileEncoding = 4; lastKnownFileType = sourcecode.swift; name = "Note+CoreDataClass.swift"; path = "../Note+CoreDataClass.swift"; sourceTree = "<group>"; };
		D77AF56A1E976E0C00741A04 /* Note+CoreDataProperties.swift */ = {isa = PBXFileReference; fileEncoding = 4; lastKnownFileType = sourcecode.swift; name = "Note+CoreDataProperties.swift"; path = "../Note+CoreDataProperties.swift"; sourceTree = "<group>"; };
		D77AF5741EAA018300741A04 /* ChooseSetupVC.swift */ = {isa = PBXFileReference; fileEncoding = 4; lastKnownFileType = sourcecode.swift; path = ChooseSetupVC.swift; sourceTree = "<group>"; };
		D77AF5761EAA1B2400741A04 /* CustomSegue.swift */ = {isa = PBXFileReference; fileEncoding = 4; lastKnownFileType = sourcecode.swift; path = CustomSegue.swift; sourceTree = "<group>"; };
		D77AF5781EAB1F7500741A04 /* InRaceSetupVC.swift */ = {isa = PBXFileReference; fileEncoding = 4; lastKnownFileType = sourcecode.swift; path = InRaceSetupVC.swift; sourceTree = "<group>"; };
		D77AF57A1EAB1F8F00741A04 /* InRaceSubPagesVC.swift */ = {isa = PBXFileReference; fileEncoding = 4; lastKnownFileType = sourcecode.swift; path = InRaceSubPagesVC.swift; sourceTree = "<group>"; };
		D77AF57C1EAF2CA800741A04 /* InRaceSetupDetailsVC.swift */ = {isa = PBXFileReference; fileEncoding = 4; lastKnownFileType = sourcecode.swift; path = InRaceSetupDetailsVC.swift; sourceTree = "<group>"; };
		D77AF5821EB07F4B00741A04 /* EventsVC.swift */ = {isa = PBXFileReference; fileEncoding = 4; lastKnownFileType = sourcecode.swift; path = EventsVC.swift; sourceTree = "<group>"; };
		D77AF58C1EB088A600741A04 /* RaceEvent+CoreDataClass.swift */ = {isa = PBXFileReference; fileEncoding = 4; lastKnownFileType = sourcecode.swift; name = "RaceEvent+CoreDataClass.swift"; path = "../RaceEvent+CoreDataClass.swift"; sourceTree = "<group>"; };
		D77AF58D1EB088A600741A04 /* RaceEvent+CoreDataProperties.swift */ = {isa = PBXFileReference; fileEncoding = 4; lastKnownFileType = sourcecode.swift; name = "RaceEvent+CoreDataProperties.swift"; path = "../RaceEvent+CoreDataProperties.swift"; sourceTree = "<group>"; };
		D77AF5911EB08A3800741A04 /* EventsCell.swift */ = {isa = PBXFileReference; fileEncoding = 4; lastKnownFileType = sourcecode.swift; path = EventsCell.swift; sourceTree = "<group>"; };
		D77AF5931EB094B200741A04 /* EventDetailsVC.swift */ = {isa = PBXFileReference; fileEncoding = 4; lastKnownFileType = sourcecode.swift; path = EventDetailsVC.swift; sourceTree = "<group>"; };
		D77AF5951EB482DC00741A04 /* Extensions.swift */ = {isa = PBXFileReference; fileEncoding = 4; lastKnownFileType = sourcecode.swift; path = Extensions.swift; sourceTree = "<group>"; };
		D77AF5971EB9C3C300741A04 /* DateCollectionCell.swift */ = {isa = PBXFileReference; fileEncoding = 4; lastKnownFileType = sourcecode.swift; path = DateCollectionCell.swift; sourceTree = "<group>"; };
		D77AF59A1EB9C40900741A04 /* SessionPlannerVC.swift */ = {isa = PBXFileReference; fileEncoding = 4; lastKnownFileType = sourcecode.swift; path = SessionPlannerVC.swift; sourceTree = "<group>"; };
		D77AF59D1EB9C77A00741A04 /* Session+CoreDataClass.swift */ = {isa = PBXFileReference; fileEncoding = 4; lastKnownFileType = sourcecode.swift; name = "Session+CoreDataClass.swift"; path = "../Session+CoreDataClass.swift"; sourceTree = "<group>"; };
		D77AF59E1EB9C77A00741A04 /* Session+CoreDataProperties.swift */ = {isa = PBXFileReference; fileEncoding = 4; lastKnownFileType = sourcecode.swift; name = "Session+CoreDataProperties.swift"; path = "../Session+CoreDataProperties.swift"; sourceTree = "<group>"; };
		D77AF5A61EBD900C00741A04 /* WeatherConstants.swift */ = {isa = PBXFileReference; fileEncoding = 4; lastKnownFileType = sourcecode.swift; path = WeatherConstants.swift; sourceTree = "<group>"; };
		D77AF5A81EBD906B00741A04 /* WeatherLocation.swift */ = {isa = PBXFileReference; fileEncoding = 4; lastKnownFileType = sourcecode.swift; path = WeatherLocation.swift; sourceTree = "<group>"; };
		D77AF5AA1EBD90D100741A04 /* WeatherForecast.swift */ = {isa = PBXFileReference; fileEncoding = 4; lastKnownFileType = sourcecode.swift; path = WeatherForecast.swift; sourceTree = "<group>"; };
		D77AF5AC1EBD932700741A04 /* WeatherCell.swift */ = {isa = PBXFileReference; fileEncoding = 4; lastKnownFileType = sourcecode.swift; path = WeatherCell.swift; sourceTree = "<group>"; };
		D77AF5AF1EBDA3D900741A04 /* WeatherVC.swift */ = {isa = PBXFileReference; fileEncoding = 4; lastKnownFileType = sourcecode.swift; path = WeatherVC.swift; sourceTree = "<group>"; };
		D77AF5B11EBDA81100741A04 /* WeatherCurrent.swift */ = {isa = PBXFileReference; fileEncoding = 4; lastKnownFileType = sourcecode.swift; path = WeatherCurrent.swift; sourceTree = "<group>"; };
		D77AF5B31EBDBFBA00741A04 /* VoiceNote+CoreDataClass.swift */ = {isa = PBXFileReference; fileEncoding = 4; lastKnownFileType = sourcecode.swift; path = "VoiceNote+CoreDataClass.swift"; sourceTree = "<group>"; };
		D77AF5B41EBDBFBA00741A04 /* WeaterMonitor+CoreDataClass.swift */ = {isa = PBXFileReference; fileEncoding = 4; lastKnownFileType = sourcecode.swift; path = "WeaterMonitor+CoreDataClass.swift"; sourceTree = "<group>"; };
		D77AF5B51EBDBFBA00741A04 /* Runs+CoreDataClass.swift */ = {isa = PBXFileReference; fileEncoding = 4; lastKnownFileType = sourcecode.swift; path = "Runs+CoreDataClass.swift"; sourceTree = "<group>"; };
		D77AF5B61EBDBFBA00741A04 /* WrittenNote+CoreDataClass.swift */ = {isa = PBXFileReference; fileEncoding = 4; lastKnownFileType = sourcecode.swift; path = "WrittenNote+CoreDataClass.swift"; sourceTree = "<group>"; };
		D77AF5B71EBDBFBA00741A04 /* PictureNote+CoreDataClass.swift */ = {isa = PBXFileReference; fileEncoding = 4; lastKnownFileType = sourcecode.swift; path = "PictureNote+CoreDataClass.swift"; sourceTree = "<group>"; };
		D77AF5B81EBDBFBA00741A04 /* Championship+CoreDataClass.swift */ = {isa = PBXFileReference; fileEncoding = 4; lastKnownFileType = sourcecode.swift; path = "Championship+CoreDataClass.swift"; sourceTree = "<group>"; };
		D77AF5BF1EBDBFCA00741A04 /* VoiceNote+CoreDataProperties.swift */ = {isa = PBXFileReference; fileEncoding = 4; lastKnownFileType = sourcecode.swift; path = "VoiceNote+CoreDataProperties.swift"; sourceTree = "<group>"; };
		D77AF5C01EBDBFCA00741A04 /* WeaterMonitor+CoreDataProperties.swift */ = {isa = PBXFileReference; fileEncoding = 4; lastKnownFileType = sourcecode.swift; path = "WeaterMonitor+CoreDataProperties.swift"; sourceTree = "<group>"; };
		D77AF5C11EBDBFCA00741A04 /* Runs+CoreDataProperties.swift */ = {isa = PBXFileReference; fileEncoding = 4; lastKnownFileType = sourcecode.swift; path = "Runs+CoreDataProperties.swift"; sourceTree = "<group>"; };
		D77AF5C21EBDBFCA00741A04 /* WrittenNote+CoreDataProperties.swift */ = {isa = PBXFileReference; fileEncoding = 4; lastKnownFileType = sourcecode.swift; path = "WrittenNote+CoreDataProperties.swift"; sourceTree = "<group>"; };
		D77AF5C31EBDBFCA00741A04 /* PictureNote+CoreDataProperties.swift */ = {isa = PBXFileReference; fileEncoding = 4; lastKnownFileType = sourcecode.swift; path = "PictureNote+CoreDataProperties.swift"; sourceTree = "<group>"; };
		D77AF5C41EBDBFCA00741A04 /* Championship+CoreDataProperties.swift */ = {isa = PBXFileReference; fileEncoding = 4; lastKnownFileType = sourcecode.swift; path = "Championship+CoreDataProperties.swift"; sourceTree = "<group>"; };
/* End PBXFileReference section */

/* Begin PBXFrameworksBuildPhase section */
		D708BF3D1E5EA6CA00F5B3E8 /* Frameworks */ = {
			isa = PBXFrameworksBuildPhase;
			buildActionMask = 2147483647;
			files = (
				B9B714F4970C6D17EE672DCD /* Pods_Stopwatch.framework in Frameworks */,
			);
			runOnlyForDeploymentPostprocessing = 0;
		};
/* End PBXFrameworksBuildPhase section */

/* Begin PBXGroup section */
		3575AAA2FE735FAF3DEA3FCC /* Pods */ = {
			isa = PBXGroup;
			children = (
				255D412D5A7922D976EAAAF6 /* Pods-Stopwatch.debug.xcconfig */,
				034B2561919300B7127690D0 /* Pods-Stopwatch.release.xcconfig */,
			);
			name = Pods;
			sourceTree = "<group>";
		};
		B33B864831DEA12751232FD0 /* Frameworks */ = {
			isa = PBXGroup;
			children = (
				839180F70202C2D5842D149A /* Pods_Stopwatch.framework */,
			);
			name = Frameworks;
			sourceTree = "<group>";
		};
		D708BF371E5EA6CA00F5B3E8 = {
			isa = PBXGroup;
			children = (
				D708BF421E5EA6CA00F5B3E8 /* Stopwatch */,
				D708BF411E5EA6CA00F5B3E8 /* Products */,
				3575AAA2FE735FAF3DEA3FCC /* Pods */,
				B33B864831DEA12751232FD0 /* Frameworks */,
			);
			sourceTree = "<group>";
		};
		D708BF411E5EA6CA00F5B3E8 /* Products */ = {
			isa = PBXGroup;
			children = (
				D708BF401E5EA6CA00F5B3E8 /* Stopwatch.app */,
			);
			name = Products;
			sourceTree = "<group>";
		};
		D708BF421E5EA6CA00F5B3E8 /* Stopwatch */ = {
			isa = PBXGroup;
			children = (
				D708BF621E60119100F5B3E8 /* Controller */,
				D708BF611E60118600F5B3E8 /* View */,
				D708BF601E60117D00F5B3E8 /* Model */,
				D76826471E6C3EBB00C520BF /* generated */,
				D708BF431E5EA6CA00F5B3E8 /* AppDelegate.swift */,
				D708BF471E5EA6CA00F5B3E8 /* Main.storyboard */,
				D708BF4D1E5EA6CA00F5B3E8 /* Assets.xcassets */,
				D708BF4F1E5EA6CA00F5B3E8 /* LaunchScreen.storyboard */,
				D708BF521E5EA6CA00F5B3E8 /* Info.plist */,
				D708BF4A1E5EA6CA00F5B3E8 /* Stopwatch.xcdatamodeld */,
			);
			path = Stopwatch;
			sourceTree = "<group>";
		};
		D708BF601E60117D00F5B3E8 /* Model */ = {
			isa = PBXGroup;
			children = (
				D77AF5A51EBD8FE700741A04 /* Core Data Classes */,
				D708BF651E6014E600F5B3E8 /* Stopwatch.swift */,
				D708BF6B1E65D2DD00F5B3E8 /* Cars.swift */,
				D77AF5671E975E0600741A04 /* SetupNew.swift */,
				D77AF5761EAA1B2400741A04 /* CustomSegue.swift */,
				D77AF5951EB482DC00741A04 /* Extensions.swift */,
				D77AF5A61EBD900C00741A04 /* WeatherConstants.swift */,
				D77AF5A81EBD906B00741A04 /* WeatherLocation.swift */,
				D77AF5AA1EBD90D100741A04 /* WeatherForecast.swift */,
				D77AF5B11EBDA81100741A04 /* WeatherCurrent.swift */,
			);
			name = Model;
			sourceTree = "<group>";
		};
		D708BF611E60118600F5B3E8 /* View */ = {
			isa = PBXGroup;
			children = (
				D708BF631E6011C000F5B3E8 /* StopwatchCell.swift */,
				D708BF691E65CCF600F5B3E8 /* CarsCell.swift */,
				D77595051E743D2B0068C42C /* LapTimeCell.swift */,
				D77AF5911EB08A3800741A04 /* EventsCell.swift */,
				D77AF5971EB9C3C300741A04 /* DateCollectionCell.swift */,
				D77AF5AC1EBD932700741A04 /* WeatherCell.swift */,
			);
			name = View;
			sourceTree = "<group>";
		};
		D708BF621E60119100F5B3E8 /* Controller */ = {
			isa = PBXGroup;
			children = (
				D708BF5C1E5EE02000F5B3E8 /* EntryScreenVC.swift */,
				D77AF5841EB083B000741A04 /* Notes */,
				D77AF5811EB07F2D00741A04 /* Setup */,
				D77AF5801EB07F2600741A04 /* Car */,
				D77AF57F1EB07F1D00741A04 /* Lap Timer */,
				D77AF57E1EB07F1300741A04 /* Events */,
				D77AF5AE1EBD952100741A04 /* Weather */,
				D77AF5991EB9C3D700741A04 /* Sessions */,
				D77AF5731EA5E86600741A04 /* Outdated Controller */,
			);
			name = Controller;
			sourceTree = "<group>";
		};
		D76826471E6C3EBB00C520BF /* generated */ = {
			isa = PBXGroup;
			children = (
				D77AF5BF1EBDBFCA00741A04 /* VoiceNote+CoreDataProperties.swift */,
				D77AF5C01EBDBFCA00741A04 /* WeaterMonitor+CoreDataProperties.swift */,
				D77AF5C11EBDBFCA00741A04 /* Runs+CoreDataProperties.swift */,
				D77AF5C21EBDBFCA00741A04 /* WrittenNote+CoreDataProperties.swift */,
				D77AF5C31EBDBFCA00741A04 /* PictureNote+CoreDataProperties.swift */,
				D77AF5C41EBDBFCA00741A04 /* Championship+CoreDataProperties.swift */,
				D77AF59E1EB9C77A00741A04 /* Session+CoreDataProperties.swift */,
				D77AF58D1EB088A600741A04 /* RaceEvent+CoreDataProperties.swift */,
				D77AF54D1E8E390500741A04 /* Car+CoreDataProperties.swift */,
				D77AF53A1E84091200741A04 /* Setup+CoreDataProperties.swift */,
				D76826771E6C4C1D00C520BF /* PitLaneTime+CoreDataProperties.swift */,
				D77AF56A1E976E0C00741A04 /* Note+CoreDataProperties.swift */,
				D76826791E6C4C1D00C520BF /* LapTime+CoreDataProperties.swift */,
			);
			name = generated;
			sourceTree = "<group>";
		};
		D77AF5731EA5E86600741A04 /* Outdated Controller */ = {
			isa = PBXGroup;
			children = (
				D77AF5411E840C7000741A04 /* SetupVC.swift */,
			);
			name = "Outdated Controller";
			sourceTree = "<group>";
		};
		D77AF57E1EB07F1300741A04 /* Events */ = {
			isa = PBXGroup;
			children = (
				D77AF5821EB07F4B00741A04 /* EventsVC.swift */,
				D77AF5931EB094B200741A04 /* EventDetailsVC.swift */,
			);
			name = Events;
			sourceTree = "<group>";
		};
		D77AF57F1EB07F1D00741A04 /* Lap Timer */ = {
			isa = PBXGroup;
			children = (
				D708BF451E5EA6CA00F5B3E8 /* StopwatchVC.swift */,
				D708BF5E1E600C2200F5B3E8 /* LapTimerVC.swift */,
				D77AF5371E78516D00741A04 /* LapTimesTableVC.swift */,
			);
			name = "Lap Timer";
			sourceTree = "<group>";
		};
		D77AF5801EB07F2600741A04 /* Car */ = {
			isa = PBXGroup;
			children = (
				D708BF671E65CA5800F5B3E8 /* CarsVC.swift */,
				D708BF6D1E6651C400F5B3E8 /* CarDetailsVC.swift */,
			);
			name = Car;
			sourceTree = "<group>";
		};
		D77AF5811EB07F2D00741A04 /* Setup */ = {
			isa = PBXGroup;
			children = (
				D77AF55B1E94F08200741A04 /* Page1VC.swift */,
				D77AF55D1E94F09200741A04 /* Page2VC.swift */,
				D77AF55F1E94F0A200741A04 /* Page3VC.swift */,
				D77AF5631E9640B700741A04 /* Page4VC.swift */,
				D77AF5651E9640C700741A04 /* Page5VC.swift */,
				D77AF5611E94F12C00741A04 /* SetupScrollVC.swift */,
				D77AF5741EAA018300741A04 /* ChooseSetupVC.swift */,
				D77AF5781EAB1F7500741A04 /* InRaceSetupVC.swift */,
				D77AF57A1EAB1F8F00741A04 /* InRaceSubPagesVC.swift */,
				D77AF57C1EAF2CA800741A04 /* InRaceSetupDetailsVC.swift */,
			);
			name = Setup;
			sourceTree = "<group>";
		};
		D77AF5841EB083B000741A04 /* Notes */ = {
			isa = PBXGroup;
			children = (
				D77AF5451E8E21D500741A04 /* WrittenNoteVC.swift */,
				D77AF5431E8CF21F00741A04 /* VoiceNoteVC.swift */,
			);
			name = Notes;
			sourceTree = "<group>";
		};
		D77AF5991EB9C3D700741A04 /* Sessions */ = {
			isa = PBXGroup;
			children = (
				D77AF59A1EB9C40900741A04 /* SessionPlannerVC.swift */,
			);
			name = Sessions;
			sourceTree = "<group>";
		};
		D77AF5A51EBD8FE700741A04 /* Core Data Classes */ = {
			isa = PBXGroup;
			children = (
				D77AF58C1EB088A600741A04 /* RaceEvent+CoreDataClass.swift */,
				D76826761E6C4C1D00C520BF /* PitLaneTime+CoreDataClass.swift */,
				D76826781E6C4C1D00C520BF /* LapTime+CoreDataClass.swift */,
				D77AF5391E84091200741A04 /* Setup+CoreDataClass.swift */,
				D77AF53D1E8409DE00741A04 /* Car+CoreDataClass.swift */,
				D77AF5691E976E0C00741A04 /* Note+CoreDataClass.swift */,
				D77AF59D1EB9C77A00741A04 /* Session+CoreDataClass.swift */,
				D77AF5B31EBDBFBA00741A04 /* VoiceNote+CoreDataClass.swift */,
				D77AF5B41EBDBFBA00741A04 /* WeaterMonitor+CoreDataClass.swift */,
				D77AF5B51EBDBFBA00741A04 /* Runs+CoreDataClass.swift */,
				D77AF5B61EBDBFBA00741A04 /* WrittenNote+CoreDataClass.swift */,
				D77AF5B71EBDBFBA00741A04 /* PictureNote+CoreDataClass.swift */,
				D77AF5B81EBDBFBA00741A04 /* Championship+CoreDataClass.swift */,
			);
			name = "Core Data Classes";
			sourceTree = "<group>";
		};
		D77AF5AE1EBD952100741A04 /* Weather */ = {
			isa = PBXGroup;
			children = (
				D77AF5AF1EBDA3D900741A04 /* WeatherVC.swift */,
			);
			name = Weather;
			sourceTree = "<group>";
		};
/* End PBXGroup section */

/* Begin PBXNativeTarget section */
		D708BF3F1E5EA6CA00F5B3E8 /* Stopwatch */ = {
			isa = PBXNativeTarget;
			buildConfigurationList = D708BF551E5EA6CA00F5B3E8 /* Build configuration list for PBXNativeTarget "Stopwatch" */;
			buildPhases = (
				0FBC0605CE66BF285C72330A /* [CP] Check Pods Manifest.lock */,
				D708BF3C1E5EA6CA00F5B3E8 /* Sources */,
				D708BF3D1E5EA6CA00F5B3E8 /* Frameworks */,
				D708BF3E1E5EA6CA00F5B3E8 /* Resources */,
				39146A0E8E9C59AF35F195DC /* [CP] Embed Pods Frameworks */,
				2EE938AB71F98337EB62A1E6 /* [CP] Copy Pods Resources */,
			);
			buildRules = (
			);
			dependencies = (
			);
			name = Stopwatch;
			productName = Stopwatch;
			productReference = D708BF401E5EA6CA00F5B3E8 /* Stopwatch.app */;
			productType = "com.apple.product-type.application";
		};
/* End PBXNativeTarget section */

/* Begin PBXProject section */
		D708BF381E5EA6CA00F5B3E8 /* Project object */ = {
			isa = PBXProject;
			attributes = {
				LastSwiftUpdateCheck = 0820;
				LastUpgradeCheck = 0820;
				ORGANIZATIONNAME = "Stable Engineering";
				TargetAttributes = {
					D708BF3F1E5EA6CA00F5B3E8 = {
						CreatedOnToolsVersion = 8.2.1;
						ProvisioningStyle = Automatic;
					};
				};
			};
			buildConfigurationList = D708BF3B1E5EA6CA00F5B3E8 /* Build configuration list for PBXProject "Stopwatch" */;
			compatibilityVersion = "Xcode 3.2";
			developmentRegion = English;
			hasScannedForEncodings = 0;
			knownRegions = (
				en,
				Base,
			);
			mainGroup = D708BF371E5EA6CA00F5B3E8;
			productRefGroup = D708BF411E5EA6CA00F5B3E8 /* Products */;
			projectDirPath = "";
			projectRoot = "";
			targets = (
				D708BF3F1E5EA6CA00F5B3E8 /* Stopwatch */,
			);
		};
/* End PBXProject section */

/* Begin PBXResourcesBuildPhase section */
		D708BF3E1E5EA6CA00F5B3E8 /* Resources */ = {
			isa = PBXResourcesBuildPhase;
			buildActionMask = 2147483647;
			files = (
				D708BF511E5EA6CA00F5B3E8 /* LaunchScreen.storyboard in Resources */,
				D708BF4E1E5EA6CA00F5B3E8 /* Assets.xcassets in Resources */,
				D708BF491E5EA6CA00F5B3E8 /* Main.storyboard in Resources */,
			);
			runOnlyForDeploymentPostprocessing = 0;
		};
/* End PBXResourcesBuildPhase section */

/* Begin PBXShellScriptBuildPhase section */
		0FBC0605CE66BF285C72330A /* [CP] Check Pods Manifest.lock */ = {
			isa = PBXShellScriptBuildPhase;
			buildActionMask = 2147483647;
			files = (
			);
			inputPaths = (
			);
			name = "[CP] Check Pods Manifest.lock";
			outputPaths = (
			);
			runOnlyForDeploymentPostprocessing = 0;
			shellPath = /bin/sh;
			shellScript = "diff \"${PODS_PODFILE_DIR_PATH}/Podfile.lock\" \"${PODS_ROOT}/Manifest.lock\" > /dev/null\nif [ $? != 0 ] ; then\n    # print error to STDERR\n    echo \"error: The sandbox is not in sync with the Podfile.lock. Run 'pod install' or update your CocoaPods installation.\" >&2\n    exit 1\nfi\n";
			showEnvVarsInLog = 0;
		};
		2EE938AB71F98337EB62A1E6 /* [CP] Copy Pods Resources */ = {
			isa = PBXShellScriptBuildPhase;
			buildActionMask = 2147483647;
			files = (
			);
			inputPaths = (
			);
			name = "[CP] Copy Pods Resources";
			outputPaths = (
			);
			runOnlyForDeploymentPostprocessing = 0;
			shellPath = /bin/sh;
			shellScript = "\"${SRCROOT}/Pods/Target Support Files/Pods-Stopwatch/Pods-Stopwatch-resources.sh\"\n";
			showEnvVarsInLog = 0;
		};
		39146A0E8E9C59AF35F195DC /* [CP] Embed Pods Frameworks */ = {
			isa = PBXShellScriptBuildPhase;
			buildActionMask = 2147483647;
			files = (
			);
			inputPaths = (
			);
			name = "[CP] Embed Pods Frameworks";
			outputPaths = (
			);
			runOnlyForDeploymentPostprocessing = 0;
			shellPath = /bin/sh;
			shellScript = "\"${SRCROOT}/Pods/Target Support Files/Pods-Stopwatch/Pods-Stopwatch-frameworks.sh\"\n";
			showEnvVarsInLog = 0;
		};
/* End PBXShellScriptBuildPhase section */

/* Begin PBXSourcesBuildPhase section */
		D708BF3C1E5EA6CA00F5B3E8 /* Sources */ = {
			isa = PBXSourcesBuildPhase;
			buildActionMask = 2147483647;
			files = (
				D77AF5BA1EBDBFBA00741A04 /* WeaterMonitor+CoreDataClass.swift in Sources */,
				D768267D1E6C4C1D00C520BF /* PitLaneTime+CoreDataProperties.swift in Sources */,
				D77AF5901EB088A600741A04 /* RaceEvent+CoreDataProperties.swift in Sources */,
				D77AF53B1E84091200741A04 /* Setup+CoreDataClass.swift in Sources */,
				D77AF5681E975E0600741A04 /* SetupNew.swift in Sources */,
				D77AF5AD1EBD932700741A04 /* WeatherCell.swift in Sources */,
				D77AF5C71EBDBFCA00741A04 /* Runs+CoreDataProperties.swift in Sources */,
				D77AF55E1E94F09200741A04 /* Page2VC.swift in Sources */,
				D77AF5C91EBDBFCA00741A04 /* PictureNote+CoreDataProperties.swift in Sources */,
				D77AF5A91EBD906B00741A04 /* WeatherLocation.swift in Sources */,
				D708BF461E5EA6CA00F5B3E8 /* StopwatchVC.swift in Sources */,
				D77AF5441E8CF21F00741A04 /* VoiceNoteVC.swift in Sources */,
				D77AF57B1EAB1F8F00741A04 /* InRaceSubPagesVC.swift in Sources */,
				D77AF5381E78516E00741A04 /* LapTimesTableVC.swift in Sources */,
				D77AF5421E840C7000741A04 /* SetupVC.swift in Sources */,
				D77AF5BC1EBDBFBA00741A04 /* WrittenNote+CoreDataClass.swift in Sources */,
				D77AF5B91EBDBFBA00741A04 /* VoiceNote+CoreDataClass.swift in Sources */,
				D708BF681E65CA5800F5B3E8 /* CarsVC.swift in Sources */,
				D768267C1E6C4C1D00C520BF /* PitLaneTime+CoreDataClass.swift in Sources */,
				D77AF5C51EBDBFCA00741A04 /* VoiceNote+CoreDataProperties.swift in Sources */,
				D708BF6C1E65D2DD00F5B3E8 /* Cars.swift in Sources */,
				D77AF56C1E976E0C00741A04 /* Note+CoreDataProperties.swift in Sources */,
				D77AF5BB1EBDBFBA00741A04 /* Runs+CoreDataClass.swift in Sources */,
				D77AF5A11EB9C77A00741A04 /* Session+CoreDataClass.swift in Sources */,
				D768267F1E6C4C1D00C520BF /* LapTime+CoreDataProperties.swift in Sources */,
				D77AF55C1E94F08200741A04 /* Page1VC.swift in Sources */,
				D77AF5AB1EBD90D100741A04 /* WeatherForecast.swift in Sources */,
				D77AF56B1E976E0C00741A04 /* Note+CoreDataClass.swift in Sources */,
				D77AF5751EAA018300741A04 /* ChooseSetupVC.swift in Sources */,
				D77AF59B1EB9C40900741A04 /* SessionPlannerVC.swift in Sources */,
				D77AF53F1E8409DE00741A04 /* Car+CoreDataClass.swift in Sources */,
				D708BF6A1E65CCF600F5B3E8 /* CarsCell.swift in Sources */,
				D77AF5771EAA1B2400741A04 /* CustomSegue.swift in Sources */,
				D77AF5601E94F0A200741A04 /* Page3VC.swift in Sources */,
				D77AF53C1E84091200741A04 /* Setup+CoreDataProperties.swift in Sources */,
				D77AF5BE1EBDBFBA00741A04 /* Championship+CoreDataClass.swift in Sources */,
				D768267E1E6C4C1D00C520BF /* LapTime+CoreDataClass.swift in Sources */,
				D77AF5921EB08A3800741A04 /* EventsCell.swift in Sources */,
				D77AF5CA1EBDBFCA00741A04 /* Championship+CoreDataProperties.swift in Sources */,
				D77AF57D1EAF2CA800741A04 /* InRaceSetupDetailsVC.swift in Sources */,
				D77AF5661E9640C700741A04 /* Page5VC.swift in Sources */,
				D708BF5F1E600C2200F5B3E8 /* LapTimerVC.swift in Sources */,
				D77AF5831EB07F4B00741A04 /* EventsVC.swift in Sources */,
				D77AF5BD1EBDBFBA00741A04 /* PictureNote+CoreDataClass.swift in Sources */,
				D708BF5D1E5EE02000F5B3E8 /* EntryScreenVC.swift in Sources */,
				D77AF5B01EBDA3D900741A04 /* WeatherVC.swift in Sources */,
				D77AF5981EB9C3C300741A04 /* DateCollectionCell.swift in Sources */,
				D77AF5C81EBDBFCA00741A04 /* WrittenNote+CoreDataProperties.swift in Sources */,
				D77AF5A21EB9C77A00741A04 /* Session+CoreDataProperties.swift in Sources */,
				D77AF54E1E8E390500741A04 /* Car+CoreDataProperties.swift in Sources */,
				D77AF5961EB482DC00741A04 /* Extensions.swift in Sources */,
				D708BF6E1E6651C400F5B3E8 /* CarDetailsVC.swift in Sources */,
				D77AF5C61EBDBFCA00741A04 /* WeaterMonitor+CoreDataProperties.swift in Sources */,
				D708BF4C1E5EA6CA00F5B3E8 /* Stopwatch.xcdatamodeld in Sources */,
				D77AF5641E9640B700741A04 /* Page4VC.swift in Sources */,
				D77AF5941EB094B200741A04 /* EventDetailsVC.swift in Sources */,
				D77AF5461E8E21D500741A04 /* WrittenNoteVC.swift in Sources */,
				D77AF5791EAB1F7500741A04 /* InRaceSetupVC.swift in Sources */,
				D77AF58F1EB088A600741A04 /* RaceEvent+CoreDataClass.swift in Sources */,
				D77AF5621E94F12C00741A04 /* SetupScrollVC.swift in Sources */,
				D708BF441E5EA6CA00F5B3E8 /* AppDelegate.swift in Sources */,
				D708BF661E6014E600F5B3E8 /* Stopwatch.swift in Sources */,
				D77AF5B21EBDA81100741A04 /* WeatherCurrent.swift in Sources */,
				D77595061E743D2B0068C42C /* LapTimeCell.swift in Sources */,
				D77AF5A71EBD900C00741A04 /* WeatherConstants.swift in Sources */,
				D708BF641E6011C000F5B3E8 /* StopwatchCell.swift in Sources */,
			);
			runOnlyForDeploymentPostprocessing = 0;
		};
/* End PBXSourcesBuildPhase section */

/* Begin PBXVariantGroup section */
		D708BF471E5EA6CA00F5B3E8 /* Main.storyboard */ = {
			isa = PBXVariantGroup;
			children = (
				D708BF481E5EA6CA00F5B3E8 /* Base */,
			);
			name = Main.storyboard;
			sourceTree = "<group>";
		};
		D708BF4F1E5EA6CA00F5B3E8 /* LaunchScreen.storyboard */ = {
			isa = PBXVariantGroup;
			children = (
				D708BF501E5EA6CA00F5B3E8 /* Base */,
			);
			name = LaunchScreen.storyboard;
			sourceTree = "<group>";
		};
/* End PBXVariantGroup section */

/* Begin XCBuildConfiguration section */
		D708BF531E5EA6CA00F5B3E8 /* Debug */ = {
			isa = XCBuildConfiguration;
			buildSettings = {
				ALWAYS_SEARCH_USER_PATHS = NO;
				CLANG_ANALYZER_NONNULL = YES;
				CLANG_CXX_LANGUAGE_STANDARD = "gnu++0x";
				CLANG_CXX_LIBRARY = "libc++";
				CLANG_ENABLE_MODULES = YES;
				CLANG_ENABLE_OBJC_ARC = YES;
				CLANG_WARN_BOOL_CONVERSION = YES;
				CLANG_WARN_CONSTANT_CONVERSION = YES;
				CLANG_WARN_DIRECT_OBJC_ISA_USAGE = YES_ERROR;
				CLANG_WARN_DOCUMENTATION_COMMENTS = YES;
				CLANG_WARN_EMPTY_BODY = YES;
				CLANG_WARN_ENUM_CONVERSION = YES;
				CLANG_WARN_INFINITE_RECURSION = YES;
				CLANG_WARN_INT_CONVERSION = YES;
				CLANG_WARN_OBJC_ROOT_CLASS = YES_ERROR;
				CLANG_WARN_SUSPICIOUS_MOVE = YES;
				CLANG_WARN_UNREACHABLE_CODE = YES;
				CLANG_WARN__DUPLICATE_METHOD_MATCH = YES;
				"CODE_SIGN_IDENTITY[sdk=iphoneos*]" = "iPhone Developer";
				COPY_PHASE_STRIP = NO;
				DEBUG_INFORMATION_FORMAT = dwarf;
				ENABLE_STRICT_OBJC_MSGSEND = YES;
				ENABLE_TESTABILITY = YES;
				GCC_C_LANGUAGE_STANDARD = gnu99;
				GCC_DYNAMIC_NO_PIC = NO;
				GCC_NO_COMMON_BLOCKS = YES;
				GCC_OPTIMIZATION_LEVEL = 0;
				GCC_PREPROCESSOR_DEFINITIONS = (
					"DEBUG=1",
					"$(inherited)",
				);
				GCC_WARN_64_TO_32_BIT_CONVERSION = YES;
				GCC_WARN_ABOUT_RETURN_TYPE = YES_ERROR;
				GCC_WARN_UNDECLARED_SELECTOR = YES;
				GCC_WARN_UNINITIALIZED_AUTOS = YES_AGGRESSIVE;
				GCC_WARN_UNUSED_FUNCTION = YES;
				GCC_WARN_UNUSED_VARIABLE = YES;
				IPHONEOS_DEPLOYMENT_TARGET = 10.2;
				MTL_ENABLE_DEBUG_INFO = YES;
				ONLY_ACTIVE_ARCH = YES;
				SDKROOT = iphoneos;
				SWIFT_ACTIVE_COMPILATION_CONDITIONS = DEBUG;
				SWIFT_OPTIMIZATION_LEVEL = "-Onone";
			};
			name = Debug;
		};
		D708BF541E5EA6CA00F5B3E8 /* Release */ = {
			isa = XCBuildConfiguration;
			buildSettings = {
				ALWAYS_SEARCH_USER_PATHS = NO;
				CLANG_ANALYZER_NONNULL = YES;
				CLANG_CXX_LANGUAGE_STANDARD = "gnu++0x";
				CLANG_CXX_LIBRARY = "libc++";
				CLANG_ENABLE_MODULES = YES;
				CLANG_ENABLE_OBJC_ARC = YES;
				CLANG_WARN_BOOL_CONVERSION = YES;
				CLANG_WARN_CONSTANT_CONVERSION = YES;
				CLANG_WARN_DIRECT_OBJC_ISA_USAGE = YES_ERROR;
				CLANG_WARN_DOCUMENTATION_COMMENTS = YES;
				CLANG_WARN_EMPTY_BODY = YES;
				CLANG_WARN_ENUM_CONVERSION = YES;
				CLANG_WARN_INFINITE_RECURSION = YES;
				CLANG_WARN_INT_CONVERSION = YES;
				CLANG_WARN_OBJC_ROOT_CLASS = YES_ERROR;
				CLANG_WARN_SUSPICIOUS_MOVE = YES;
				CLANG_WARN_UNREACHABLE_CODE = YES;
				CLANG_WARN__DUPLICATE_METHOD_MATCH = YES;
				"CODE_SIGN_IDENTITY[sdk=iphoneos*]" = "iPhone Developer";
				COPY_PHASE_STRIP = NO;
				DEBUG_INFORMATION_FORMAT = "dwarf-with-dsym";
				ENABLE_NS_ASSERTIONS = NO;
				ENABLE_STRICT_OBJC_MSGSEND = YES;
				GCC_C_LANGUAGE_STANDARD = gnu99;
				GCC_NO_COMMON_BLOCKS = YES;
				GCC_WARN_64_TO_32_BIT_CONVERSION = YES;
				GCC_WARN_ABOUT_RETURN_TYPE = YES_ERROR;
				GCC_WARN_UNDECLARED_SELECTOR = YES;
				GCC_WARN_UNINITIALIZED_AUTOS = YES_AGGRESSIVE;
				GCC_WARN_UNUSED_FUNCTION = YES;
				GCC_WARN_UNUSED_VARIABLE = YES;
				IPHONEOS_DEPLOYMENT_TARGET = 10.2;
				MTL_ENABLE_DEBUG_INFO = NO;
				SDKROOT = iphoneos;
				SWIFT_OPTIMIZATION_LEVEL = "-Owholemodule";
				VALIDATE_PRODUCT = YES;
			};
			name = Release;
		};
		D708BF561E5EA6CA00F5B3E8 /* Debug */ = {
			isa = XCBuildConfiguration;
			baseConfigurationReference = 255D412D5A7922D976EAAAF6 /* Pods-Stopwatch.debug.xcconfig */;
			buildSettings = {
				ASSETCATALOG_COMPILER_APPICON_NAME = AppIcon;
				INFOPLIST_FILE = Stopwatch/Info.plist;
				LD_RUNPATH_SEARCH_PATHS = "$(inherited) @executable_path/Frameworks";
				PRODUCT_BUNDLE_IDENTIFIER = "Michael-Derstroff.Stopwatch";
				PRODUCT_NAME = "$(TARGET_NAME)";
				SWIFT_VERSION = 3.0;
			};
			name = Debug;
		};
		D708BF571E5EA6CA00F5B3E8 /* Release */ = {
			isa = XCBuildConfiguration;
			baseConfigurationReference = 034B2561919300B7127690D0 /* Pods-Stopwatch.release.xcconfig */;
			buildSettings = {
				ASSETCATALOG_COMPILER_APPICON_NAME = AppIcon;
				INFOPLIST_FILE = Stopwatch/Info.plist;
				LD_RUNPATH_SEARCH_PATHS = "$(inherited) @executable_path/Frameworks";
				PRODUCT_BUNDLE_IDENTIFIER = "Michael-Derstroff.Stopwatch";
				PRODUCT_NAME = "$(TARGET_NAME)";
				SWIFT_VERSION = 3.0;
			};
			name = Release;
		};
/* End XCBuildConfiguration section */

/* Begin XCConfigurationList section */
		D708BF3B1E5EA6CA00F5B3E8 /* Build configuration list for PBXProject "Stopwatch" */ = {
			isa = XCConfigurationList;
			buildConfigurations = (
				D708BF531E5EA6CA00F5B3E8 /* Debug */,
				D708BF541E5EA6CA00F5B3E8 /* Release */,
			);
			defaultConfigurationIsVisible = 0;
			defaultConfigurationName = Release;
		};
		D708BF551E5EA6CA00F5B3E8 /* Build configuration list for PBXNativeTarget "Stopwatch" */ = {
			isa = XCConfigurationList;
			buildConfigurations = (
				D708BF561E5EA6CA00F5B3E8 /* Debug */,
				D708BF571E5EA6CA00F5B3E8 /* Release */,
			);
			defaultConfigurationIsVisible = 0;
			defaultConfigurationName = Release;
		};
/* End XCConfigurationList section */

/* Begin XCVersionGroup section */
		D708BF4A1E5EA6CA00F5B3E8 /* Stopwatch.xcdatamodeld */ = {
			isa = XCVersionGroup;
			children = (
				D708BF4B1E5EA6CA00F5B3E8 /* Stopwatch.xcdatamodel */,
			);
			currentVersion = D708BF4B1E5EA6CA00F5B3E8 /* Stopwatch.xcdatamodel */;
			path = Stopwatch.xcdatamodeld;
			sourceTree = "<group>";
			versionGroupType = wrapper.xcdatamodel;
		};
/* End XCVersionGroup section */
	};
	rootObject = D708BF381E5EA6CA00F5B3E8 /* Project object */;
}
